
Microsoft Visual Studio Solution File, Format Version 12.00
# Visual Studio Version 17
VisualStudioVersion = 17.7.34031.279
MinimumVisualStudioVersion = 10.0.40219.1
Project("{FAE04EC0-301F-11D3-BF4B-00C04F79EFBC}") = "secret-project2", "secret-project2.csproj", "{6620C41A-EB76-4B3F-887E-CCB2E22F63D6}"
EndProject
Global
	GlobalSection(SolutionConfigurationPlatforms) = preSolution
		Debug|Any CPU = Debug|Any CPU
		Release|Any CPU = Release|Any CPU
	EndGlobalSection
	GlobalSection(ProjectConfigurationPlatforms) = postSolution
		{6620C41A-EB76-4B3F-887E-CCB2E22F63D6}.Debug|Any CPU.ActiveCfg = Debug|Any CPU
		{6620C41A-EB76-4B3F-887E-CCB2E22F63D6}.Debug|Any CPU.Build.0 = Debug|Any CPU
		{6620C41A-EB76-4B3F-887E-CCB2E22F63D6}.Release|Any CPU.ActiveCfg = Release|Any CPU
		{6620C41A-EB76-4B3F-887E-CCB2E22F63D6}.Release|Any CPU.Build.0 = Release|Any CPU
	EndGlobalSection
	GlobalSection(SolutionProperties) = preSolution
		HideSolutionNode = FALSE
	EndGlobalSection
	GlobalSection(ExtensibilityGlobals) = postSolution
		SolutionGuid = {2C2B16A6-15E2-4944-8C97-62A645CC5164}
	EndGlobalSection
EndGlobal
